
Microsoft Visual Studio Solution File, Format Version 12.00
# Visual Studio Version 17
VisualStudioVersion = 17.0.31903.59
MinimumVisualStudioVersion = 10.0.40219.1
Project("{2150E333-8FDC-42A3-9474-1A3956D46DE8}") = "src", "src", "{827E0CD3-B72D-47B6-A68D-7590B98EB39B}"
EndProject
Project("{FAE04EC0-301F-11D3-BF4B-00C04F79EFBC}") = "CoachingApp.API", "src\CoachingApp.API\CoachingApp.API.csproj", "{9BD2949A-83EE-408A-B667-FDC88F5E6328}"
EndProject
Project("{FAE04EC0-301F-11D3-BF4B-00C04F79EFBC}") = "CoachingApp.Core", "src\CoachingApp.Core\CoachingApp.Core.csproj", "{1E2B7219-177F-4594-8D66-D35FB8AB0DCA}"
EndProject
Project("{FAE04EC0-301F-11D3-BF4B-00C04F79EFBC}") = "CoachingApp.Infrastructure", "src\CoachingApp.Infrastructure\CoachingApp.Infrastructure.csproj", "{70B4A593-C023-4B27-AC25-F3BCECD0D702}"
EndProject
Global
	GlobalSection(SolutionConfigurationPlatforms) = preSolution
		Debug|Any CPU = Debug|Any CPU
		Debug|x64 = Debug|x64
		Debug|x86 = Debug|x86
		Release|Any CPU = Release|Any CPU
		Release|x64 = Release|x64
		Release|x86 = Release|x86
	EndGlobalSection
	GlobalSection(ProjectConfigurationPlatforms) = postSolution
		{9BD2949A-83EE-408A-B667-FDC88F5E6328}.Debug|Any CPU.ActiveCfg = Debug|Any CPU
		{9BD2949A-83EE-408A-B667-FDC88F5E6328}.Debug|Any CPU.Build.0 = Debug|Any CPU
		{9BD2949A-83EE-408A-B667-FDC88F5E6328}.Debug|x64.ActiveCfg = Debug|Any CPU
		{9BD2949A-83EE-408A-B667-FDC88F5E6328}.Debug|x64.Build.0 = Debug|Any CPU
		{9BD2949A-83EE-408A-B667-FDC88F5E6328}.Debug|x86.ActiveCfg = Debug|Any CPU
		{9BD2949A-83EE-408A-B667-FDC88F5E6328}.Debug|x86.Build.0 = Debug|Any CPU
		{9BD2949A-83EE-408A-B667-FDC88F5E6328}.Release|Any CPU.ActiveCfg = Release|Any CPU
		{9BD2949A-83EE-408A-B667-FDC88F5E6328}.Release|Any CPU.Build.0 = Release|Any CPU
		{9BD2949A-83EE-408A-B667-FDC88F5E6328}.Release|x64.ActiveCfg = Release|Any CPU
		{9BD2949A-83EE-408A-B667-FDC88F5E6328}.Release|x64.Build.0 = Release|Any CPU
		{9BD2949A-83EE-408A-B667-FDC88F5E6328}.Release|x86.ActiveCfg = Release|Any CPU
		{9BD2949A-83EE-408A-B667-FDC88F5E6328}.Release|x86.Build.0 = Release|Any CPU
		{1E2B7219-177F-4594-8D66-D35FB8AB0DCA}.Debug|Any CPU.ActiveCfg = Debug|Any CPU
		{1E2B7219-177F-4594-8D66-D35FB8AB0DCA}.Debug|Any CPU.Build.0 = Debug|Any CPU
		{1E2B7219-177F-4594-8D66-D35FB8AB0DCA}.Debug|x64.ActiveCfg = Debug|Any CPU
		{1E2B7219-177F-4594-8D66-D35FB8AB0DCA}.Debug|x64.Build.0 = Debug|Any CPU
		{1E2B7219-177F-4594-8D66-D35FB8AB0DCA}.Debug|x86.ActiveCfg = Debug|Any CPU
		{1E2B7219-177F-4594-8D66-D35FB8AB0DCA}.Debug|x86.Build.0 = Debug|Any CPU
		{1E2B7219-177F-4594-8D66-D35FB8AB0DCA}.Release|Any CPU.ActiveCfg = Release|Any CPU
		{1E2B7219-177F-4594-8D66-D35FB8AB0DCA}.Release|Any CPU.Build.0 = Release|Any CPU
		{1E2B7219-177F-4594-8D66-D35FB8AB0DCA}.Release|x64.ActiveCfg = Release|Any CPU
		{1E2B7219-177F-4594-8D66-D35FB8AB0DCA}.Release|x64.Build.0 = Release|Any CPU
		{1E2B7219-177F-4594-8D66-D35FB8AB0DCA}.Release|x86.ActiveCfg = Release|Any CPU
		{1E2B7219-177F-4594-8D66-D35FB8AB0DCA}.Release|x86.Build.0 = Release|Any CPU
		{70B4A593-C023-4B27-AC25-F3BCECD0D702}.Debug|Any CPU.ActiveCfg = Debug|Any CPU
		{70B4A593-C023-4B27-AC25-F3BCECD0D702}.Debug|Any CPU.Build.0 = Debug|Any CPU
		{70B4A593-C023-4B27-AC25-F3BCECD0D702}.Debug|x64.ActiveCfg = Debug|Any CPU
		{70B4A593-C023-4B27-AC25-F3BCECD0D702}.Debug|x64.Build.0 = Debug|Any CPU
		{70B4A593-C023-4B27-AC25-F3BCECD0D702}.Debug|x86.ActiveCfg = Debug|Any CPU
		{70B4A593-C023-4B27-AC25-F3BCECD0D702}.Debug|x86.Build.0 = Debug|Any CPU
		{70B4A593-C023-4B27-AC25-F3BCECD0D702}.Release|Any CPU.ActiveCfg = Release|Any CPU
		{70B4A593-C023-4B27-AC25-F3BCECD0D702}.Release|Any CPU.Build.0 = Release|Any CPU
		{70B4A593-C023-4B27-AC25-F3BCECD0D702}.Release|x64.ActiveCfg = Release|Any CPU
		{70B4A593-C023-4B27-AC25-F3BCECD0D702}.Release|x64.Build.0 = Release|Any CPU
		{70B4A593-C023-4B27-AC25-F3BCECD0D702}.Release|x86.ActiveCfg = Release|Any CPU
		{70B4A593-C023-4B27-AC25-F3BCECD0D702}.Release|x86.Build.0 = Release|Any CPU
	EndGlobalSection
	GlobalSection(SolutionProperties) = preSolution
		HideSolutionNode = FALSE
	EndGlobalSection
	GlobalSection(NestedProjects) = preSolution
		{9BD2949A-83EE-408A-B667-FDC88F5E6328} = {827E0CD3-B72D-47B6-A68D-7590B98EB39B}
		{1E2B7219-177F-4594-8D66-D35FB8AB0DCA} = {827E0CD3-B72D-47B6-A68D-7590B98EB39B}
		{70B4A593-C023-4B27-AC25-F3BCECD0D702} = {827E0CD3-B72D-47B6-A68D-7590B98EB39B}
	EndGlobalSection
EndGlobal
